{
  "name": "@nktkas/hyperliquid",
  "version": "0.32.2",
  "lockfileVersion": 3,
  "requires": true,
  "packages": {
    "": {
      "name": "@nktkas/hyperliquid",
      "version": "0.32.2",
      "license": "MIT",
      "dependencies": {
        "@nktkas/rews": "^2",
        "@noble/hashes": "^2",
        "valibot": "1.3.1"
      },
      "engines": {
        "node": ">=20.19.0"
      }
    },
    "node_modules/@nktkas/rews": {
      "version": "2.1.1",
      "resolved": "https://registry.npmjs.org/@nktkas/rews/-/rews-2.1.1.tgz",
      "integrity": "sha512-jB1dy7lQY3ygin1k9FyOioUvPq1QxoolUPDYXd7y73uF6QE+ntbpbMj96nO5Akl8g/b86l6w6HnWo0V5nhR4+g==",
      "license": "MIT",
      "engines": {
        "node": ">=18"
      }
    },
    "node_modules/@noble/hashes": {
      "version": "2.2.0",
      "resolved": "https://registry.npmjs.org/@noble/hashes/-/hashes-2.2.0.tgz",
      "integrity": "sha512-IYqDGiTXab6FniAgnSdZwgWbomxpy9FtYvLKs7wCUs2a8RkITG+DFGO1DM9cr+E3/RgADRpFjrKVaJ1z6sjtEg==",
      "license": "MIT",
      "engines": {
        "node": ">= 20.19.0"
      },
      "funding": {
        "url": "https://paulmillr.com/funding/"
      }
    },
    "node_modules/valibot": {
      "version": "1.3.1",
      "resolved": "https://registry.npmjs.org/valibot/-/valibot-1.3.1.tgz",
      "integrity": "sha512-sfdRir/QFM0JaF22hqTroPc5xy4DimuGQVKFrzF1YfGwaS1nJot3Y8VqMdLO2Lg27fMzat2yD3pY5PbAYO39Gg==",
      "license": "MIT",
      "peerDependencies": {
        "typescript": ">=5"
      },
      "peerDependenciesMeta": {
        "typescript": {
          "optional": true
        }
      }
    }
  }
}
